
Microsoft Visual Studio Solution File, Format Version 12.00
# Visual Studio Version 17
VisualStudioVersion = 17.8.34330.188
MinimumVisualStudioVersion = 10.0.40219.1
Project("{FAE04EC0-301F-11D3-BF4B-00C04F79EFBC}") = "AdventOfCode2023Day4", "AdventOfCode2023Day4.csproj", "{B3289D6C-F59C-4845-B558-ACB32908EFD3}"
EndProject
Global
	GlobalSection(SolutionConfigurationPlatforms) = preSolution
		Debug|Any CPU = Debug|Any CPU
		Release|Any CPU = Release|Any CPU
	EndGlobalSection
	GlobalSection(ProjectConfigurationPlatforms) = postSolution
		{B3289D6C-F59C-4845-B558-ACB32908EFD3}.Debug|Any CPU.ActiveCfg = Debug|Any CPU
		{B3289D6C-F59C-4845-B558-ACB32908EFD3}.Debug|Any CPU.Build.0 = Debug|Any CPU
		{B3289D6C-F59C-4845-B558-ACB32908EFD3}.Release|Any CPU.ActiveCfg = Release|Any CPU
		{B3289D6C-F59C-4845-B558-ACB32908EFD3}.Release|Any CPU.Build.0 = Release|Any CPU
	EndGlobalSection
	GlobalSection(SolutionProperties) = preSolution
		HideSolutionNode = FALSE
	EndGlobalSection
	GlobalSection(ExtensibilityGlobals) = postSolution
		SolutionGuid = {3FAEE658-E986-4344-91C5-53E6975A354C}
	EndGlobalSection
EndGlobal
